
Microsoft Visual Studio Solution File, Format Version 12.00
# Visual Studio 15
Project("{FAE04EC0-301F-11D3-BF4B-00C04F79EFBC}") = "Assembly-CSharp", "Assembly-CSharp.csproj", "{C195C180-79B7-9D24-DB25-C2E1F04CB5DF}"
EndProject
Project("{FAE04EC0-301F-11D3-BF4B-00C04F79EFBC}") = "Assembly-CSharp-Editor", "Assembly-CSharp-Editor.csproj", "{B0E8E124-E680-14F1-674D-B4900E73B4D7}"
EndProject
Global
	GlobalSection(SolutionConfigurationPlatforms) = preSolution
		Debug|Any CPU = Debug|Any CPU
		Release|Any CPU = Release|Any CPU
	EndGlobalSection
	GlobalSection(ProjectConfigurationPlatforms) = postSolution
		{C195C180-79B7-9D24-DB25-C2E1F04CB5DF}.Debug|Any CPU.ActiveCfg = Debug|Any CPU
		{C195C180-79B7-9D24-DB25-C2E1F04CB5DF}.Debug|Any CPU.Build.0 = Debug|Any CPU
		{C195C180-79B7-9D24-DB25-C2E1F04CB5DF}.Release|Any CPU.ActiveCfg = Release|Any CPU
		{C195C180-79B7-9D24-DB25-C2E1F04CB5DF}.Release|Any CPU.Build.0 = Release|Any CPU
		{B0E8E124-E680-14F1-674D-B4900E73B4D7}.Debug|Any CPU.ActiveCfg = Debug|Any CPU
		{B0E8E124-E680-14F1-674D-B4900E73B4D7}.Debug|Any CPU.Build.0 = Debug|Any CPU
		{B0E8E124-E680-14F1-674D-B4900E73B4D7}.Release|Any CPU.ActiveCfg = Release|Any CPU
		{B0E8E124-E680-14F1-674D-B4900E73B4D7}.Release|Any CPU.Build.0 = Release|Any CPU
	EndGlobalSection
	GlobalSection(SolutionProperties) = preSolution
		HideSolutionNode = FALSE
	EndGlobalSection
EndGlobal
